
Microsoft Visual Studio Solution File, Format Version 12.00
# Visual Studio Version 17
VisualStudioVersion = 17.3.32804.467
MinimumVisualStudioVersion = 10.0.40219.1
Project("{FAE04EC0-301F-11D3-BF4B-00C04F79EFBC}") = "tracking", "tracking.csproj", "{6954FD41-CDCE-4F15-94F3-E55B0A5AE1F9}"
EndProject
Global
	GlobalSection(SolutionConfigurationPlatforms) = preSolution
		Debug|Any CPU = Debug|Any CPU
		Release|Any CPU = Release|Any CPU
	EndGlobalSection
	GlobalSection(ProjectConfigurationPlatforms) = postSolution
		{6954FD41-CDCE-4F15-94F3-E55B0A5AE1F9}.Debug|Any CPU.ActiveCfg = Debug|Any CPU
		{6954FD41-CDCE-4F15-94F3-E55B0A5AE1F9}.Debug|Any CPU.Build.0 = Debug|Any CPU
		{6954FD41-CDCE-4F15-94F3-E55B0A5AE1F9}.Release|Any CPU.ActiveCfg = Release|Any CPU
		{6954FD41-CDCE-4F15-94F3-E55B0A5AE1F9}.Release|Any CPU.Build.0 = Release|Any CPU
	EndGlobalSection
	GlobalSection(SolutionProperties) = preSolution
		HideSolutionNode = FALSE
	EndGlobalSection
	GlobalSection(ExtensibilityGlobals) = postSolution
		SolutionGuid = {4D4AC204-AADB-4A2A-AA33-218C8C2E1E55}
	EndGlobalSection
EndGlobal
